{
  "requires": true,
  "lockfileVersion": 1,
  "dependencies": {
    "sweetalert2": {
      "version": "10.13.1",
      "resolved": "https://registry.npmjs.org/sweetalert2/-/sweetalert2-10.13.1.tgz",
      "integrity": "sha512-m5X9st+/yuuvrSNwsXhq0+Imh3qZx6y5jceaf8JrluiRUIGTuHe16YPOT9V6lD69RtMAdjG8ZfT2DaxW4Tx6yg=="
    },
    "vue-sweetalert2": {
      "version": "4.1.1",
      "resolved": "https://registry.npmjs.org/vue-sweetalert2/-/vue-sweetalert2-4.1.1.tgz",
      "integrity": "sha512-9ytddeXkjixIGzUxgmVAVdIOrbPiWcjEPQuO3mEPq4zc8clbQbhOn192zvYUdcM0SbRPzbafyXTFx9mNMNJzQA==",
      "requires": {
        "sweetalert2": "10.x"
      }
    }
  }
}
